
Microsoft Visual Studio Solution File, Format Version 12.00
# Visual Studio Version 16
VisualStudioVersion = 16.0.29905.134
MinimumVisualStudioVersion = 10.0.40219.1
Project("{9A19103F-16F7-4668-BE54-9A1E7A4F7556}") = "SportsBetting.Test", "SportsBetting.Test\SportsBetting.Test.csproj", "{A884D5B4-3CC0-4EE9-9CBD-57550088FC85}"
EndProject
Project("{9A19103F-16F7-4668-BE54-9A1E7A4F7556}") = "SportsBetting.Services", "SportsBetting.Services\SportsBetting.Services.csproj", "{402096F6-958F-4381-A900-B394C33BA4CA}"
EndProject
Project("{9A19103F-16F7-4668-BE54-9A1E7A4F7556}") = "SportsBetting.Controllers", "SportsBetting.Controllers\SportsBetting.Controllers.csproj", "{81E409E7-5873-47A5-A99C-FB951985C5FF}"
EndProject
Project("{FAE04EC0-301F-11D3-BF4B-00C04F79EFBC}") = "SportsBetting.Data", "SportsBetting.Data\SportsBetting.Data.csproj", "{A80F3BFE-85A8-4AD6-A2CF-E518AB551F74}"
EndProject
Project("{FAE04EC0-301F-11D3-BF4B-00C04F79EFBC}") = "SportsBetting.Web", "SportsBetting.Web\SportsBetting.Web.csproj", "{2EBEB8E5-2836-43DE-A60D-11DE18F31086}"
EndProject
Global
	GlobalSection(SolutionConfigurationPlatforms) = preSolution
		Debug|Any CPU = Debug|Any CPU
		Release|Any CPU = Release|Any CPU
	EndGlobalSection
	GlobalSection(ProjectConfigurationPlatforms) = postSolution
		{A884D5B4-3CC0-4EE9-9CBD-57550088FC85}.Debug|Any CPU.ActiveCfg = Debug|Any CPU
		{A884D5B4-3CC0-4EE9-9CBD-57550088FC85}.Debug|Any CPU.Build.0 = Debug|Any CPU
		{A884D5B4-3CC0-4EE9-9CBD-57550088FC85}.Release|Any CPU.ActiveCfg = Release|Any CPU
		{A884D5B4-3CC0-4EE9-9CBD-57550088FC85}.Release|Any CPU.Build.0 = Release|Any CPU
		{402096F6-958F-4381-A900-B394C33BA4CA}.Debug|Any CPU.ActiveCfg = Debug|Any CPU
		{402096F6-958F-4381-A900-B394C33BA4CA}.Debug|Any CPU.Build.0 = Debug|Any CPU
		{402096F6-958F-4381-A900-B394C33BA4CA}.Release|Any CPU.ActiveCfg = Release|Any CPU
		{402096F6-958F-4381-A900-B394C33BA4CA}.Release|Any CPU.Build.0 = Release|Any CPU
		{81E409E7-5873-47A5-A99C-FB951985C5FF}.Debug|Any CPU.ActiveCfg = Debug|Any CPU
		{81E409E7-5873-47A5-A99C-FB951985C5FF}.Debug|Any CPU.Build.0 = Debug|Any CPU
		{81E409E7-5873-47A5-A99C-FB951985C5FF}.Release|Any CPU.ActiveCfg = Release|Any CPU
		{81E409E7-5873-47A5-A99C-FB951985C5FF}.Release|Any CPU.Build.0 = Release|Any CPU
		{A80F3BFE-85A8-4AD6-A2CF-E518AB551F74}.Debug|Any CPU.ActiveCfg = Debug|Any CPU
		{A80F3BFE-85A8-4AD6-A2CF-E518AB551F74}.Debug|Any CPU.Build.0 = Debug|Any CPU
		{A80F3BFE-85A8-4AD6-A2CF-E518AB551F74}.Release|Any CPU.ActiveCfg = Release|Any CPU
		{A80F3BFE-85A8-4AD6-A2CF-E518AB551F74}.Release|Any CPU.Build.0 = Release|Any CPU
		{2EBEB8E5-2836-43DE-A60D-11DE18F31086}.Debug|Any CPU.ActiveCfg = Debug|Any CPU
		{2EBEB8E5-2836-43DE-A60D-11DE18F31086}.Debug|Any CPU.Build.0 = Debug|Any CPU
		{2EBEB8E5-2836-43DE-A60D-11DE18F31086}.Release|Any CPU.ActiveCfg = Release|Any CPU
		{2EBEB8E5-2836-43DE-A60D-11DE18F31086}.Release|Any CPU.Build.0 = Release|Any CPU
	EndGlobalSection
	GlobalSection(SolutionProperties) = preSolution
		HideSolutionNode = FALSE
	EndGlobalSection
	GlobalSection(ExtensibilityGlobals) = postSolution
		SolutionGuid = {82484DEC-230E-43D1-B210-DA4AB2DD3348}
	EndGlobalSection
EndGlobal
